{
    "name": "@ianlucas/vrf-decompiler",
    "lockfileVersion": 3,
    "requires": true,
    "packages": {
        "": {
            "name": "@ianlucas/vrf-decompiler",
            "hasInstallScript": true,
            "license": "MIT",
            "dependencies": {
                "follow-redirects": "^1.15.6",
                "unzipper": "^0.12.3"
            },
            "devDependencies": {
                "@types/follow-redirects": "^1.14.4",
                "@types/node": "^18.19.46",
                "@types/unzipper": "^0.10.10",
                "prettier": "3.3.3",
                "typedoc": "^0.26.6",
                "typescript": "^5.5.4"
            }
        },
        "node_modules/@shikijs/core": {
            "version": "1.14.1",
            "dev": true,
            "license": "MIT",
            "dependencies": {
                "@types/hast": "^3.0.4"
            }
        },
        "node_modules/@types/follow-redirects": {
            "version": "1.14.4",
            "dev": true,
            "license": "MIT",
            "dependencies": {
                "@types/node": "*"
            }
        },
        "node_modules/@types/hast": {
            "version": "3.0.4",
            "dev": true,
            "license": "MIT",
            "dependencies": {
                "@types/unist": "*"
            }
        },
        "node_modules/@types/node": {
            "version": "18.19.46",
            "resolved": "https://registry.npmjs.org/@types/node/-/node-18.19.46.tgz",
            "integrity": "sha512-vnRgMS7W6cKa1/0G3/DTtQYpVrZ8c0Xm6UkLaVFrb9jtcVC3okokW09Ki1Qdrj9ISokszD69nY4WDLRlvHlhAA==",
            "dev": true,
            "license": "MIT",
            "dependencies": {
                "undici-types": "~5.26.4"
            }
        },
        "node_modules/@types/unist": {
            "version": "3.0.3",
            "dev": true,
            "license": "MIT"
        },
        "node_modules/@types/unzipper": {
            "version": "0.10.10",
            "dev": true,
            "license": "MIT",
            "dependencies": {
                "@types/node": "*"
            }
        },
        "node_modules/argparse": {
            "version": "2.0.1",
            "dev": true,
            "license": "Python-2.0"
        },
        "node_modules/balanced-match": {
            "version": "1.0.2",
            "dev": true,
            "license": "MIT"
        },
        "node_modules/bluebird": {
            "version": "3.7.2",
            "license": "MIT"
        },
        "node_modules/brace-expansion": {
            "version": "2.0.1",
            "dev": true,
            "license": "MIT",
            "dependencies": {
                "balanced-match": "^1.0.0"
            }
        },
        "node_modules/core-util-is": {
            "version": "1.0.3",
            "license": "MIT"
        },
        "node_modules/duplexer2": {
            "version": "0.1.4",
            "license": "BSD-3-Clause",
            "dependencies": {
                "readable-stream": "^2.0.2"
            }
        },
        "node_modules/entities": {
            "version": "4.5.0",
            "dev": true,
            "license": "BSD-2-Clause",
            "engines": {
                "node": ">=0.12"
            },
            "funding": {
                "url": "https://github.com/fb55/entities?sponsor=1"
            }
        },
        "node_modules/follow-redirects": {
            "version": "1.15.6",
            "funding": [
                {
                    "type": "individual",
                    "url": "https://github.com/sponsors/RubenVerborgh"
                }
            ],
            "license": "MIT",
            "engines": {
                "node": ">=4.0"
            },
            "peerDependenciesMeta": {
                "debug": {
                    "optional": true
                }
            }
        },
        "node_modules/fs-extra": {
            "version": "11.2.0",
            "license": "MIT",
            "dependencies": {
                "graceful-fs": "^4.2.0",
                "jsonfile": "^6.0.1",
                "universalify": "^2.0.0"
            },
            "engines": {
                "node": ">=14.14"
            }
        },
        "node_modules/graceful-fs": {
            "version": "4.2.11",
            "license": "ISC"
        },
        "node_modules/inherits": {
            "version": "2.0.4",
            "license": "ISC"
        },
        "node_modules/isarray": {
            "version": "1.0.0",
            "license": "MIT"
        },
        "node_modules/jsonfile": {
            "version": "6.1.0",
            "license": "MIT",
            "dependencies": {
                "universalify": "^2.0.0"
            },
            "optionalDependencies": {
                "graceful-fs": "^4.1.6"
            }
        },
        "node_modules/linkify-it": {
            "version": "5.0.0",
            "dev": true,
            "license": "MIT",
            "dependencies": {
                "uc.micro": "^2.0.0"
            }
        },
        "node_modules/lunr": {
            "version": "2.3.9",
            "dev": true,
            "license": "MIT"
        },
        "node_modules/markdown-it": {
            "version": "14.1.0",
            "dev": true,
            "license": "MIT",
            "dependencies": {
                "argparse": "^2.0.1",
                "entities": "^4.4.0",
                "linkify-it": "^5.0.0",
                "mdurl": "^2.0.0",
                "punycode.js": "^2.3.1",
                "uc.micro": "^2.1.0"
            },
            "bin": {
                "markdown-it": "bin/markdown-it.mjs"
            }
        },
        "node_modules/mdurl": {
            "version": "2.0.0",
            "dev": true,
            "license": "MIT"
        },
        "node_modules/minimatch": {
            "version": "9.0.5",
            "dev": true,
            "license": "ISC",
            "dependencies": {
                "brace-expansion": "^2.0.1"
            },
            "engines": {
                "node": ">=16 || 14 >=14.17"
            },
            "funding": {
                "url": "https://github.com/sponsors/isaacs"
            }
        },
        "node_modules/node-int64": {
            "version": "0.4.0",
            "license": "MIT"
        },
        "node_modules/prettier": {
            "version": "3.3.3",
            "resolved": "https://registry.npmjs.org/prettier/-/prettier-3.3.3.tgz",
            "integrity": "sha512-i2tDNA0O5IrMO757lfrdQZCc2jPNDVntV0m/+4whiDfWaTKfMNgR7Qz0NAeGz/nRqF4m5/6CLzbP4/liHt12Ew==",
            "dev": true,
            "license": "MIT",
            "bin": {
                "prettier": "bin/prettier.cjs"
            },
            "engines": {
                "node": ">=14"
            },
            "funding": {
                "url": "https://github.com/prettier/prettier?sponsor=1"
            }
        },
        "node_modules/process-nextick-args": {
            "version": "2.0.1",
            "license": "MIT"
        },
        "node_modules/punycode.js": {
            "version": "2.3.1",
            "dev": true,
            "license": "MIT",
            "engines": {
                "node": ">=6"
            }
        },
        "node_modules/readable-stream": {
            "version": "2.3.8",
            "license": "MIT",
            "dependencies": {
                "core-util-is": "~1.0.0",
                "inherits": "~2.0.3",
                "isarray": "~1.0.0",
                "process-nextick-args": "~2.0.0",
                "safe-buffer": "~5.1.1",
                "string_decoder": "~1.1.1",
                "util-deprecate": "~1.0.1"
            }
        },
        "node_modules/safe-buffer": {
            "version": "5.1.2",
            "license": "MIT"
        },
        "node_modules/shiki": {
            "version": "1.14.1",
            "dev": true,
            "license": "MIT",
            "dependencies": {
                "@shikijs/core": "1.14.1",
                "@types/hast": "^3.0.4"
            }
        },
        "node_modules/string_decoder": {
            "version": "1.1.1",
            "license": "MIT",
            "dependencies": {
                "safe-buffer": "~5.1.0"
            }
        },
        "node_modules/typedoc": {
            "version": "0.26.6",
            "dev": true,
            "license": "Apache-2.0",
            "dependencies": {
                "lunr": "^2.3.9",
                "markdown-it": "^14.1.0",
                "minimatch": "^9.0.5",
                "shiki": "^1.9.1",
                "yaml": "^2.4.5"
            },
            "bin": {
                "typedoc": "bin/typedoc"
            },
            "engines": {
                "node": ">= 18"
            },
            "peerDependencies": {
                "typescript": "4.6.x || 4.7.x || 4.8.x || 4.9.x || 5.0.x || 5.1.x || 5.2.x || 5.3.x || 5.4.x || 5.5.x"
            }
        },
        "node_modules/typescript": {
            "version": "5.5.4",
            "dev": true,
            "license": "Apache-2.0",
            "bin": {
                "tsc": "bin/tsc",
                "tsserver": "bin/tsserver"
            },
            "engines": {
                "node": ">=14.17"
            }
        },
        "node_modules/uc.micro": {
            "version": "2.1.0",
            "dev": true,
            "license": "MIT"
        },
        "node_modules/undici-types": {
            "version": "5.26.5",
            "dev": true,
            "license": "MIT"
        },
        "node_modules/universalify": {
            "version": "2.0.1",
            "license": "MIT",
            "engines": {
                "node": ">= 10.0.0"
            }
        },
        "node_modules/unzipper": {
            "version": "0.12.3",
            "license": "MIT",
            "dependencies": {
                "bluebird": "~3.7.2",
                "duplexer2": "~0.1.4",
                "fs-extra": "^11.2.0",
                "graceful-fs": "^4.2.2",
                "node-int64": "^0.4.0"
            }
        },
        "node_modules/util-deprecate": {
            "version": "1.0.2",
            "license": "MIT"
        },
        "node_modules/yaml": {
            "version": "2.5.0",
            "dev": true,
            "license": "ISC",
            "bin": {
                "yaml": "bin.mjs"
            },
            "engines": {
                "node": ">= 14"
            }
        }
    }
}
