{
    "name": "@ianlucas/node-vrf-decompiler",
    "version": "0.0.0",
    "lockfileVersion": 3,
    "requires": true,
    "packages": {
        "": {
            "name": "@ianlucas/node-vrf-decompiler",
            "version": "0.0.0",
            "hasInstallScript": true,
            "license": "MIT",
            "dependencies": {
                "follow-redirects": "^1.15.6",
                "unzipper": "^0.12.3"
            },
            "devDependencies": {
                "@types/follow-redirects": "^1.14.4",
                "@types/node": "^18.19.34",
                "@types/unzipper": "^0.10.10",
                "prettier": "3.3.1",
                "typescript": "^5.5.4"
            }
        },
        "node_modules/@types/follow-redirects": {
            "version": "1.14.4",
            "dev": true,
            "license": "MIT",
            "dependencies": {
                "@types/node": "*"
            }
        },
        "node_modules/@types/node": {
            "version": "18.19.44",
            "dev": true,
            "license": "MIT",
            "dependencies": {
                "undici-types": "~5.26.4"
            }
        },
        "node_modules/@types/unzipper": {
            "version": "0.10.10",
            "dev": true,
            "license": "MIT",
            "dependencies": {
                "@types/node": "*"
            }
        },
        "node_modules/bluebird": {
            "version": "3.7.2",
            "license": "MIT"
        },
        "node_modules/core-util-is": {
            "version": "1.0.3",
            "license": "MIT"
        },
        "node_modules/duplexer2": {
            "version": "0.1.4",
            "license": "BSD-3-Clause",
            "dependencies": {
                "readable-stream": "^2.0.2"
            }
        },
        "node_modules/follow-redirects": {
            "version": "1.15.6",
            "funding": [
                {
                    "type": "individual",
                    "url": "https://github.com/sponsors/RubenVerborgh"
                }
            ],
            "license": "MIT",
            "engines": {
                "node": ">=4.0"
            },
            "peerDependenciesMeta": {
                "debug": {
                    "optional": true
                }
            }
        },
        "node_modules/fs-extra": {
            "version": "11.2.0",
            "license": "MIT",
            "dependencies": {
                "graceful-fs": "^4.2.0",
                "jsonfile": "^6.0.1",
                "universalify": "^2.0.0"
            },
            "engines": {
                "node": ">=14.14"
            }
        },
        "node_modules/graceful-fs": {
            "version": "4.2.11",
            "license": "ISC"
        },
        "node_modules/inherits": {
            "version": "2.0.4",
            "license": "ISC"
        },
        "node_modules/isarray": {
            "version": "1.0.0",
            "license": "MIT"
        },
        "node_modules/jsonfile": {
            "version": "6.1.0",
            "license": "MIT",
            "dependencies": {
                "universalify": "^2.0.0"
            },
            "optionalDependencies": {
                "graceful-fs": "^4.1.6"
            }
        },
        "node_modules/node-int64": {
            "version": "0.4.0",
            "license": "MIT"
        },
        "node_modules/prettier": {
            "version": "3.3.1",
            "dev": true,
            "license": "MIT",
            "bin": {
                "prettier": "bin/prettier.cjs"
            },
            "engines": {
                "node": ">=14"
            },
            "funding": {
                "url": "https://github.com/prettier/prettier?sponsor=1"
            }
        },
        "node_modules/process-nextick-args": {
            "version": "2.0.1",
            "license": "MIT"
        },
        "node_modules/readable-stream": {
            "version": "2.3.8",
            "license": "MIT",
            "dependencies": {
                "core-util-is": "~1.0.0",
                "inherits": "~2.0.3",
                "isarray": "~1.0.0",
                "process-nextick-args": "~2.0.0",
                "safe-buffer": "~5.1.1",
                "string_decoder": "~1.1.1",
                "util-deprecate": "~1.0.1"
            }
        },
        "node_modules/safe-buffer": {
            "version": "5.1.2",
            "license": "MIT"
        },
        "node_modules/string_decoder": {
            "version": "1.1.1",
            "license": "MIT",
            "dependencies": {
                "safe-buffer": "~5.1.0"
            }
        },
        "node_modules/typescript": {
            "version": "5.5.4",
            "dev": true,
            "license": "Apache-2.0",
            "bin": {
                "tsc": "bin/tsc",
                "tsserver": "bin/tsserver"
            },
            "engines": {
                "node": ">=14.17"
            }
        },
        "node_modules/undici-types": {
            "version": "5.26.5",
            "dev": true,
            "license": "MIT"
        },
        "node_modules/universalify": {
            "version": "2.0.1",
            "license": "MIT",
            "engines": {
                "node": ">= 10.0.0"
            }
        },
        "node_modules/unzipper": {
            "version": "0.12.3",
            "license": "MIT",
            "dependencies": {
                "bluebird": "~3.7.2",
                "duplexer2": "~0.1.4",
                "fs-extra": "^11.2.0",
                "graceful-fs": "^4.2.2",
                "node-int64": "^0.4.0"
            }
        },
        "node_modules/util-deprecate": {
            "version": "1.0.2",
            "license": "MIT"
        }
    }
}
